{
  "name": "@rbxts/fastsignal",
  "version": "10.4.0",
  "lockfileVersion": 3,
  "requires": true,
  "packages": {
    "": {
      "name": "@rbxts/fastsignal",
      "version": "10.4.0",
      "license": "MIT",
      "devDependencies": {
        "@rbxts/compiler-types": "^3.0.0-types.0"
      }
    },
    "node_modules/@rbxts/compiler-types": {
      "version": "3.0.0-types.0",
      "resolved": "https://registry.npmjs.org/@rbxts/compiler-types/-/compiler-types-3.0.0-types.0.tgz",
      "integrity": "sha512-VGOHJPoL7+56NTatMGqQj3K7xWuzEV+aP4QD5vZiHu+bcff3kiTmtoadaF6NkJrmwfFAvbsd4Dg764ZjWNceag==",
      "dev": true,
      "license": "MIT"
    }
  }
}
